{
  "mergeLocks": [
    [
      "https://anidb.net/anime/12142",
      "https://anilist.co/anime/21829",
      "https://kitsu.io/anime/12654",
      "https://myanimelist.net/anime/33363",
      "https://notify.moe/anime/cLhmhFiiR"
    ],
    [
      "https://anilist.co/anime/15487",
      "https://kitsu.io/anime/7262",
      "https://myanimelist.net/anime/15487",
      "https://notify.moe/anime/WPjdpKiiR"
    ],
    [
      "https://anilist.co/anime/98703",
      "https://kitsu.io/anime/8717",
      "https://myanimelist.net/anime/22673",
      "https://notify.moe/anime/7-PJpFmmR"
    ]
  ]
}