{
    "mergeLocks":[
        [
            "https://anilist.co/anime/15487",
            "https://kitsu.app/anime/7262",
            "https://myanimelist.net/anime/15487"
        ],
        [
            "https://anilist.co/anime/98703",
            "https://kitsu.app/anime/8717",
            "https://myanimelist.net/anime/22673"
        ],
        [
            "https://kitsu.app/anime/7262",
            "https://myanimelist.net/anime/15487"
        ]
    ]
}
